
Microsoft Visual Studio Solution File, Format Version 12.00
# Visual Studio Version 16
VisualStudioVersion = 16.0.30907.101
MinimumVisualStudioVersion = 10.0.40219.1
Project("{FAE04EC0-301F-11D3-BF4B-00C04F79EFBC}") = "AddressBookDay7", "AddressBookDay7\AddressBookDay7.csproj", "{D43D548B-F7B8-405C-8699-BC7A49C5A1F8}"
EndProject
Global
	GlobalSection(SolutionConfigurationPlatforms) = preSolution
		Debug|Any CPU = Debug|Any CPU
		Release|Any CPU = Release|Any CPU
	EndGlobalSection
	GlobalSection(ProjectConfigurationPlatforms) = postSolution
		{D43D548B-F7B8-405C-8699-BC7A49C5A1F8}.Debug|Any CPU.ActiveCfg = Debug|Any CPU
		{D43D548B-F7B8-405C-8699-BC7A49C5A1F8}.Debug|Any CPU.Build.0 = Debug|Any CPU
		{D43D548B-F7B8-405C-8699-BC7A49C5A1F8}.Release|Any CPU.ActiveCfg = Release|Any CPU
		{D43D548B-F7B8-405C-8699-BC7A49C5A1F8}.Release|Any CPU.Build.0 = Release|Any CPU
	EndGlobalSection
	GlobalSection(SolutionProperties) = preSolution
		HideSolutionNode = FALSE
	EndGlobalSection
	GlobalSection(ExtensibilityGlobals) = postSolution
		SolutionGuid = {C1901746-A1C1-4265-837C-47F06835ED26}
	EndGlobalSection
EndGlobal
